
Microsoft Visual Studio Solution File, Format Version 12.00
# Visual Studio Version 17
VisualStudioVersion = 17.5.33414.496
MinimumVisualStudioVersion = 10.0.40219.1
Project("{9A19103F-16F7-4668-BE54-9A1E7A4F7556}") = "WeatherForecast.Backend.Core.Domain", "Backend\Core\Domain\WeatherForecast.Backend.Core.Domain.csproj", "{2243DBF0-E9CC-4226-9577-7619B6001DD5}"
EndProject
Project("{2150E333-8FDC-42A3-9474-1A3956D46DE8}") = "Backend", "Backend", "{0DCE3D2C-C1E4-4E54-937D-27035F35B5D4}"
EndProject
Project("{2150E333-8FDC-42A3-9474-1A3956D46DE8}") = "Core", "Core", "{7FE7E88C-A0FB-46A0-8049-9BC7DAED9F12}"
EndProject
Project("{2150E333-8FDC-42A3-9474-1A3956D46DE8}") = "Domain", "Domain", "{1AEEC0BF-C6D0-45BC-BF88-E732026EF940}"
EndProject
Project("{2150E333-8FDC-42A3-9474-1A3956D46DE8}") = "Tests", "Tests", "{1F0031FE-8051-43F1-8893-4C136567BEF3}"
EndProject
Project("{2150E333-8FDC-42A3-9474-1A3956D46DE8}") = "Backend", "Backend", "{836CD515-970E-44A2-BC8B-FD1F2817BE4D}"
EndProject
Project("{9A19103F-16F7-4668-BE54-9A1E7A4F7556}") = "WeatherForecast.Backend.Tests", "Tests\Backend\WeatherForecast.Backend.Tests.csproj", "{B2853F9E-9536-4E04-B5E0-E14471375C70}"
EndProject
Project("{2150E333-8FDC-42A3-9474-1A3956D46DE8}") = "Application", "Application", "{30A20917-0CD6-4E7E-BF1F-71CC448CEB6C}"
EndProject
Project("{9A19103F-16F7-4668-BE54-9A1E7A4F7556}") = "WeatherForecast.Backend.Core.Application", "WeatherForecast.Backend.Core.Application\WeatherForecast.Backend.Core.Application.csproj", "{0438D169-CC97-4F4A-8ABC-C81F31A18511}"
EndProject
Project("{2150E333-8FDC-42A3-9474-1A3956D46DE8}") = "Infrastructure", "Infrastructure", "{1F843748-EC80-4C05-B582-1F5A3EB851B1}"
EndProject
Project("{9A19103F-16F7-4668-BE54-9A1E7A4F7556}") = "WeatherForecast.Infrastructure.Persistence", "WeatherForecast.Infrastructure.Persistence\WeatherForecast.Infrastructure.Persistence.csproj", "{10CC43ED-9FE0-4579-97B9-62B0CB3535B8}"
EndProject
Project("{2150E333-8FDC-42A3-9474-1A3956D46DE8}") = "Presentation", "Presentation", "{2E43C89E-67CE-4703-8B03-80D51C233594}"
EndProject
Project("{9A19103F-16F7-4668-BE54-9A1E7A4F7556}") = "WeatherForecast.Backend.Presentation.UserApi", "WeatherForecast.Backend.Presentation.UserApi\WeatherForecast.Backend.Presentation.UserApi.csproj", "{20D9DD65-5DFB-46FB-93EA-5D93B8EF5C57}"
EndProject
Project("{2150E333-8FDC-42A3-9474-1A3956D46DE8}") = "Remote", "Remote", "{25656351-30F6-4F9C-ACCD-AC691FE8F679}"
EndProject
Project("{9A19103F-16F7-4668-BE54-9A1E7A4F7556}") = "HttpService", "HttpService\HttpService.csproj", "{A38F299C-E386-4B40-901E-F818F482BD67}"
EndProject
Project("{2150E333-8FDC-42A3-9474-1A3956D46DE8}") = "Client", "Client", "{29439682-B9DF-4567-A614-DE4DE8161D98}"
EndProject
Project("{2150E333-8FDC-42A3-9474-1A3956D46DE8}") = "Core", "Core", "{A2898D7C-F702-41E0-891B-2345F2BA17B3}"
EndProject
Project("{9A19103F-16F7-4668-BE54-9A1E7A4F7556}") = "WeatherForecast.Client.Core.Domain", "WeatherForecast.Client.Core.Domain\WeatherForecast.Client.Core.Domain.csproj", "{8DDD26E8-9418-450D-B449-F2BCFC77530C}"
EndProject
Project("{9A19103F-16F7-4668-BE54-9A1E7A4F7556}") = "WeatherForecast.Client.Core.Application", "WeatherForecast.Client.Core.Application\WeatherForecast.Client.Core.Application.csproj", "{798E74BA-5485-4012-89FD-8E385EB30699}"
EndProject
Project("{FAE04EC0-301F-11D3-BF4B-00C04F79EFBC}") = "UserRemoteApi", "UserRemoteApi\UserRemoteApi.csproj", "{EEA5CDF5-67A3-4796-99F6-9D833FA62CF5}"
EndProject
Global
	GlobalSection(SolutionConfigurationPlatforms) = preSolution
		Debug|Any CPU = Debug|Any CPU
		Release|Any CPU = Release|Any CPU
	EndGlobalSection
	GlobalSection(ProjectConfigurationPlatforms) = postSolution
		{2243DBF0-E9CC-4226-9577-7619B6001DD5}.Debug|Any CPU.ActiveCfg = Debug|Any CPU
		{2243DBF0-E9CC-4226-9577-7619B6001DD5}.Debug|Any CPU.Build.0 = Debug|Any CPU
		{2243DBF0-E9CC-4226-9577-7619B6001DD5}.Release|Any CPU.ActiveCfg = Release|Any CPU
		{2243DBF0-E9CC-4226-9577-7619B6001DD5}.Release|Any CPU.Build.0 = Release|Any CPU
		{B2853F9E-9536-4E04-B5E0-E14471375C70}.Debug|Any CPU.ActiveCfg = Debug|Any CPU
		{B2853F9E-9536-4E04-B5E0-E14471375C70}.Debug|Any CPU.Build.0 = Debug|Any CPU
		{B2853F9E-9536-4E04-B5E0-E14471375C70}.Release|Any CPU.ActiveCfg = Release|Any CPU
		{B2853F9E-9536-4E04-B5E0-E14471375C70}.Release|Any CPU.Build.0 = Release|Any CPU
		{0438D169-CC97-4F4A-8ABC-C81F31A18511}.Debug|Any CPU.ActiveCfg = Debug|Any CPU
		{0438D169-CC97-4F4A-8ABC-C81F31A18511}.Debug|Any CPU.Build.0 = Debug|Any CPU
		{0438D169-CC97-4F4A-8ABC-C81F31A18511}.Release|Any CPU.ActiveCfg = Release|Any CPU
		{0438D169-CC97-4F4A-8ABC-C81F31A18511}.Release|Any CPU.Build.0 = Release|Any CPU
		{10CC43ED-9FE0-4579-97B9-62B0CB3535B8}.Debug|Any CPU.ActiveCfg = Debug|Any CPU
		{10CC43ED-9FE0-4579-97B9-62B0CB3535B8}.Debug|Any CPU.Build.0 = Debug|Any CPU
		{10CC43ED-9FE0-4579-97B9-62B0CB3535B8}.Release|Any CPU.ActiveCfg = Release|Any CPU
		{10CC43ED-9FE0-4579-97B9-62B0CB3535B8}.Release|Any CPU.Build.0 = Release|Any CPU
		{20D9DD65-5DFB-46FB-93EA-5D93B8EF5C57}.Debug|Any CPU.ActiveCfg = Debug|Any CPU
		{20D9DD65-5DFB-46FB-93EA-5D93B8EF5C57}.Debug|Any CPU.Build.0 = Debug|Any CPU
		{20D9DD65-5DFB-46FB-93EA-5D93B8EF5C57}.Release|Any CPU.ActiveCfg = Release|Any CPU
		{20D9DD65-5DFB-46FB-93EA-5D93B8EF5C57}.Release|Any CPU.Build.0 = Release|Any CPU
		{A38F299C-E386-4B40-901E-F818F482BD67}.Debug|Any CPU.ActiveCfg = Debug|Any CPU
		{A38F299C-E386-4B40-901E-F818F482BD67}.Debug|Any CPU.Build.0 = Debug|Any CPU
		{A38F299C-E386-4B40-901E-F818F482BD67}.Release|Any CPU.ActiveCfg = Release|Any CPU
		{A38F299C-E386-4B40-901E-F818F482BD67}.Release|Any CPU.Build.0 = Release|Any CPU
		{8DDD26E8-9418-450D-B449-F2BCFC77530C}.Debug|Any CPU.ActiveCfg = Debug|Any CPU
		{8DDD26E8-9418-450D-B449-F2BCFC77530C}.Debug|Any CPU.Build.0 = Debug|Any CPU
		{8DDD26E8-9418-450D-B449-F2BCFC77530C}.Release|Any CPU.ActiveCfg = Release|Any CPU
		{8DDD26E8-9418-450D-B449-F2BCFC77530C}.Release|Any CPU.Build.0 = Release|Any CPU
		{798E74BA-5485-4012-89FD-8E385EB30699}.Debug|Any CPU.ActiveCfg = Debug|Any CPU
		{798E74BA-5485-4012-89FD-8E385EB30699}.Debug|Any CPU.Build.0 = Debug|Any CPU
		{798E74BA-5485-4012-89FD-8E385EB30699}.Release|Any CPU.ActiveCfg = Release|Any CPU
		{798E74BA-5485-4012-89FD-8E385EB30699}.Release|Any CPU.Build.0 = Release|Any CPU
		{EEA5CDF5-67A3-4796-99F6-9D833FA62CF5}.Debug|Any CPU.ActiveCfg = Debug|Any CPU
		{EEA5CDF5-67A3-4796-99F6-9D833FA62CF5}.Debug|Any CPU.Build.0 = Debug|Any CPU
		{EEA5CDF5-67A3-4796-99F6-9D833FA62CF5}.Release|Any CPU.ActiveCfg = Release|Any CPU
		{EEA5CDF5-67A3-4796-99F6-9D833FA62CF5}.Release|Any CPU.Build.0 = Release|Any CPU
	EndGlobalSection
	GlobalSection(SolutionProperties) = preSolution
		HideSolutionNode = FALSE
	EndGlobalSection
	GlobalSection(NestedProjects) = preSolution
		{2243DBF0-E9CC-4226-9577-7619B6001DD5} = {1AEEC0BF-C6D0-45BC-BF88-E732026EF940}
		{7FE7E88C-A0FB-46A0-8049-9BC7DAED9F12} = {0DCE3D2C-C1E4-4E54-937D-27035F35B5D4}
		{1AEEC0BF-C6D0-45BC-BF88-E732026EF940} = {7FE7E88C-A0FB-46A0-8049-9BC7DAED9F12}
		{836CD515-970E-44A2-BC8B-FD1F2817BE4D} = {1F0031FE-8051-43F1-8893-4C136567BEF3}
		{B2853F9E-9536-4E04-B5E0-E14471375C70} = {836CD515-970E-44A2-BC8B-FD1F2817BE4D}
		{30A20917-0CD6-4E7E-BF1F-71CC448CEB6C} = {7FE7E88C-A0FB-46A0-8049-9BC7DAED9F12}
		{0438D169-CC97-4F4A-8ABC-C81F31A18511} = {30A20917-0CD6-4E7E-BF1F-71CC448CEB6C}
		{1F843748-EC80-4C05-B582-1F5A3EB851B1} = {0DCE3D2C-C1E4-4E54-937D-27035F35B5D4}
		{10CC43ED-9FE0-4579-97B9-62B0CB3535B8} = {1F843748-EC80-4C05-B582-1F5A3EB851B1}
		{2E43C89E-67CE-4703-8B03-80D51C233594} = {0DCE3D2C-C1E4-4E54-937D-27035F35B5D4}
		{20D9DD65-5DFB-46FB-93EA-5D93B8EF5C57} = {2E43C89E-67CE-4703-8B03-80D51C233594}
		{A38F299C-E386-4B40-901E-F818F482BD67} = {25656351-30F6-4F9C-ACCD-AC691FE8F679}
		{A2898D7C-F702-41E0-891B-2345F2BA17B3} = {29439682-B9DF-4567-A614-DE4DE8161D98}
		{8DDD26E8-9418-450D-B449-F2BCFC77530C} = {A2898D7C-F702-41E0-891B-2345F2BA17B3}
		{798E74BA-5485-4012-89FD-8E385EB30699} = {A2898D7C-F702-41E0-891B-2345F2BA17B3}
		{EEA5CDF5-67A3-4796-99F6-9D833FA62CF5} = {25656351-30F6-4F9C-ACCD-AC691FE8F679}
	EndGlobalSection
	GlobalSection(ExtensibilityGlobals) = postSolution
		SolutionGuid = {093AA8BE-DBE3-40B2-BAD5-F9D7EECA7884}
	EndGlobalSection
EndGlobal
