
Microsoft Visual Studio Solution File, Format Version 12.00
# Visual Studio Version 17
VisualStudioVersion = 17.5.33414.496
MinimumVisualStudioVersion = 10.0.40219.1
Project("{FAE04EC0-301F-11D3-BF4B-00C04F79EFBC}") = "WeatherForecast.Backend.Core.Domain", "Backend\Core\Domain\WeatherForecast.Backend.Core.Domain.csproj", "{74E4EABD-D678-48C1-A3DE-2CCD6533D936}"
EndProject
Project("{FAE04EC0-301F-11D3-BF4B-00C04F79EFBC}") = "WeatherForecast.Backend.Core.Application", "Backend\Core\Application\WeatherForecast.Backend.Core.Application.csproj", "{99062FE8-DD1B-4B22-AFF4-16D837A7E0A3}"
EndProject
Project("{FAE04EC0-301F-11D3-BF4B-00C04F79EFBC}") = "WeatherForecast.Backend.Persistence", "Backend\Persistence\WeatherForecast.Backend.Persistence.csproj", "{8FB16A01-5BF3-4424-A3A3-51F0DF7967C9}"
EndProject
Project("{FAE04EC0-301F-11D3-BF4B-00C04F79EFBC}") = "WeatherForecast.Backend.Presentation", "Backend\Presentation\WeatherForecast.Backend.Presentation.csproj", "{7999BEE5-F498-411D-BC01-C300F81887F2}"
EndProject
Project("{2150E333-8FDC-42A3-9474-1A3956D46DE8}") = "Backend", "Backend", "{2F797CD9-CD53-4695-993B-A358F368E8B4}"
EndProject
Project("{2150E333-8FDC-42A3-9474-1A3956D46DE8}") = "Core", "Core", "{96D26BA2-DEE1-4779-8903-22C9A030F71B}"
EndProject
Project("{FAE04EC0-301F-11D3-BF4B-00C04F79EFBC}") = "HttpService", "Remote\HttpService\HttpService.csproj", "{9A643495-9C4E-4627-A155-B69AA2E85639}"
EndProject
Project("{2150E333-8FDC-42A3-9474-1A3956D46DE8}") = "Remote", "Remote", "{59B65F35-0EED-42E1-9FBF-854B98181672}"
EndProject
Project("{FAE04EC0-301F-11D3-BF4B-00C04F79EFBC}") = "UserManageService", "Remote\UserManageService\UserManageService.csproj", "{2FD22B0C-E76B-4457-9E84-E7BF346921E5}"
EndProject
Project("{FAE04EC0-301F-11D3-BF4B-00C04F79EFBC}") = "OpenMeteoRemoteApi", "Remote\OpenMeteoRemoteApi\OpenMeteoRemoteApi.csproj", "{527903D0-E5E0-423B-85F6-0ADAED367287}"
EndProject
Project("{2150E333-8FDC-42A3-9474-1A3956D46DE8}") = "Client", "Client", "{132DBD41-5A31-4241-8341-7E3B581CEBF9}"
EndProject
Project("{2150E333-8FDC-42A3-9474-1A3956D46DE8}") = "Core", "Core", "{BE95A1E9-85D6-4593-AB5A-DD444A915636}"
EndProject
Project("{FAE04EC0-301F-11D3-BF4B-00C04F79EFBC}") = "WeatherForecast.Client.Core.Domain", "Client\Core\Domain\WeatherForecast.Client.Core.Domain.csproj", "{4EA342DF-6A8D-48C6-84A9-75383348821A}"
EndProject
Project("{FAE04EC0-301F-11D3-BF4B-00C04F79EFBC}") = "WeatherForecast.Client.Core.Application", "Client\Core\Application\WeatherForecast.Client.Core.Application.csproj", "{27DDC03B-28BB-41DA-A0AB-044F74B7348F}"
EndProject
Project("{FAE04EC0-301F-11D3-BF4B-00C04F79EFBC}") = "WeatherForecast.Client.Persistence", "Client\Persistence\WeatherForecast.Client.Persistence.csproj", "{F7DE5AA0-F0E1-413D-9877-C70DFED68E2A}"
EndProject
Project("{FAE04EC0-301F-11D3-BF4B-00C04F79EFBC}") = "WeatherForecast.Client.TelegramBot", "Client\TelegramBot\WeatherForecast.Client.TelegramBot.csproj", "{AB66B5A1-0005-4802-B8BD-456709871E48}"
EndProject
Project("{2150E333-8FDC-42A3-9474-1A3956D46DE8}") = "Tests", "Tests", "{0D7E9BF9-1378-471B-8443-572FA44D3366}"
EndProject
Project("{FAE04EC0-301F-11D3-BF4B-00C04F79EFBC}") = "WeatherForecast.Backend.Tests", "Tests\Backend\Tests\WeatherForecast.Backend.Tests.csproj", "{27B7AE62-9AC8-4CD0-8965-B10E94622D34}"
EndProject
Project("{FAE04EC0-301F-11D3-BF4B-00C04F79EFBC}") = "WeatherForecast.Client.Tests", "Tests\Client\Tests\WeatherForecast.Client.Tests.csproj", "{16B31234-E2A4-4202-BD82-C2074B40D6D4}"
EndProject
Global
	GlobalSection(SolutionConfigurationPlatforms) = preSolution
		Debug|Any CPU = Debug|Any CPU
		Release|Any CPU = Release|Any CPU
	EndGlobalSection
	GlobalSection(ProjectConfigurationPlatforms) = postSolution
		{74E4EABD-D678-48C1-A3DE-2CCD6533D936}.Debug|Any CPU.ActiveCfg = Debug|Any CPU
		{74E4EABD-D678-48C1-A3DE-2CCD6533D936}.Debug|Any CPU.Build.0 = Debug|Any CPU
		{74E4EABD-D678-48C1-A3DE-2CCD6533D936}.Release|Any CPU.ActiveCfg = Release|Any CPU
		{74E4EABD-D678-48C1-A3DE-2CCD6533D936}.Release|Any CPU.Build.0 = Release|Any CPU
		{99062FE8-DD1B-4B22-AFF4-16D837A7E0A3}.Debug|Any CPU.ActiveCfg = Debug|Any CPU
		{99062FE8-DD1B-4B22-AFF4-16D837A7E0A3}.Debug|Any CPU.Build.0 = Debug|Any CPU
		{99062FE8-DD1B-4B22-AFF4-16D837A7E0A3}.Release|Any CPU.ActiveCfg = Release|Any CPU
		{99062FE8-DD1B-4B22-AFF4-16D837A7E0A3}.Release|Any CPU.Build.0 = Release|Any CPU
		{8FB16A01-5BF3-4424-A3A3-51F0DF7967C9}.Debug|Any CPU.ActiveCfg = Debug|Any CPU
		{8FB16A01-5BF3-4424-A3A3-51F0DF7967C9}.Debug|Any CPU.Build.0 = Debug|Any CPU
		{8FB16A01-5BF3-4424-A3A3-51F0DF7967C9}.Release|Any CPU.ActiveCfg = Release|Any CPU
		{8FB16A01-5BF3-4424-A3A3-51F0DF7967C9}.Release|Any CPU.Build.0 = Release|Any CPU
		{7999BEE5-F498-411D-BC01-C300F81887F2}.Debug|Any CPU.ActiveCfg = Debug|Any CPU
		{7999BEE5-F498-411D-BC01-C300F81887F2}.Debug|Any CPU.Build.0 = Debug|Any CPU
		{7999BEE5-F498-411D-BC01-C300F81887F2}.Release|Any CPU.ActiveCfg = Release|Any CPU
		{7999BEE5-F498-411D-BC01-C300F81887F2}.Release|Any CPU.Build.0 = Release|Any CPU
		{9A643495-9C4E-4627-A155-B69AA2E85639}.Debug|Any CPU.ActiveCfg = Debug|Any CPU
		{9A643495-9C4E-4627-A155-B69AA2E85639}.Debug|Any CPU.Build.0 = Debug|Any CPU
		{9A643495-9C4E-4627-A155-B69AA2E85639}.Release|Any CPU.ActiveCfg = Release|Any CPU
		{9A643495-9C4E-4627-A155-B69AA2E85639}.Release|Any CPU.Build.0 = Release|Any CPU
		{2FD22B0C-E76B-4457-9E84-E7BF346921E5}.Debug|Any CPU.ActiveCfg = Debug|Any CPU
		{2FD22B0C-E76B-4457-9E84-E7BF346921E5}.Debug|Any CPU.Build.0 = Debug|Any CPU
		{2FD22B0C-E76B-4457-9E84-E7BF346921E5}.Release|Any CPU.ActiveCfg = Release|Any CPU
		{2FD22B0C-E76B-4457-9E84-E7BF346921E5}.Release|Any CPU.Build.0 = Release|Any CPU
		{527903D0-E5E0-423B-85F6-0ADAED367287}.Debug|Any CPU.ActiveCfg = Debug|Any CPU
		{527903D0-E5E0-423B-85F6-0ADAED367287}.Debug|Any CPU.Build.0 = Debug|Any CPU
		{527903D0-E5E0-423B-85F6-0ADAED367287}.Release|Any CPU.ActiveCfg = Release|Any CPU
		{527903D0-E5E0-423B-85F6-0ADAED367287}.Release|Any CPU.Build.0 = Release|Any CPU
		{4EA342DF-6A8D-48C6-84A9-75383348821A}.Debug|Any CPU.ActiveCfg = Debug|Any CPU
		{4EA342DF-6A8D-48C6-84A9-75383348821A}.Debug|Any CPU.Build.0 = Debug|Any CPU
		{4EA342DF-6A8D-48C6-84A9-75383348821A}.Release|Any CPU.ActiveCfg = Release|Any CPU
		{4EA342DF-6A8D-48C6-84A9-75383348821A}.Release|Any CPU.Build.0 = Release|Any CPU
		{27DDC03B-28BB-41DA-A0AB-044F74B7348F}.Debug|Any CPU.ActiveCfg = Debug|Any CPU
		{27DDC03B-28BB-41DA-A0AB-044F74B7348F}.Debug|Any CPU.Build.0 = Debug|Any CPU
		{27DDC03B-28BB-41DA-A0AB-044F74B7348F}.Release|Any CPU.ActiveCfg = Release|Any CPU
		{27DDC03B-28BB-41DA-A0AB-044F74B7348F}.Release|Any CPU.Build.0 = Release|Any CPU
		{F7DE5AA0-F0E1-413D-9877-C70DFED68E2A}.Debug|Any CPU.ActiveCfg = Debug|Any CPU
		{F7DE5AA0-F0E1-413D-9877-C70DFED68E2A}.Debug|Any CPU.Build.0 = Debug|Any CPU
		{F7DE5AA0-F0E1-413D-9877-C70DFED68E2A}.Release|Any CPU.ActiveCfg = Release|Any CPU
		{F7DE5AA0-F0E1-413D-9877-C70DFED68E2A}.Release|Any CPU.Build.0 = Release|Any CPU
		{AB66B5A1-0005-4802-B8BD-456709871E48}.Debug|Any CPU.ActiveCfg = Debug|Any CPU
		{AB66B5A1-0005-4802-B8BD-456709871E48}.Debug|Any CPU.Build.0 = Debug|Any CPU
		{AB66B5A1-0005-4802-B8BD-456709871E48}.Release|Any CPU.ActiveCfg = Release|Any CPU
		{AB66B5A1-0005-4802-B8BD-456709871E48}.Release|Any CPU.Build.0 = Release|Any CPU
		{27B7AE62-9AC8-4CD0-8965-B10E94622D34}.Debug|Any CPU.ActiveCfg = Debug|Any CPU
		{27B7AE62-9AC8-4CD0-8965-B10E94622D34}.Debug|Any CPU.Build.0 = Debug|Any CPU
		{27B7AE62-9AC8-4CD0-8965-B10E94622D34}.Release|Any CPU.ActiveCfg = Release|Any CPU
		{27B7AE62-9AC8-4CD0-8965-B10E94622D34}.Release|Any CPU.Build.0 = Release|Any CPU
		{16B31234-E2A4-4202-BD82-C2074B40D6D4}.Debug|Any CPU.ActiveCfg = Debug|Any CPU
		{16B31234-E2A4-4202-BD82-C2074B40D6D4}.Debug|Any CPU.Build.0 = Debug|Any CPU
		{16B31234-E2A4-4202-BD82-C2074B40D6D4}.Release|Any CPU.ActiveCfg = Release|Any CPU
		{16B31234-E2A4-4202-BD82-C2074B40D6D4}.Release|Any CPU.Build.0 = Release|Any CPU
	EndGlobalSection
	GlobalSection(SolutionProperties) = preSolution
		HideSolutionNode = FALSE
	EndGlobalSection
	GlobalSection(NestedProjects) = preSolution
		{74E4EABD-D678-48C1-A3DE-2CCD6533D936} = {96D26BA2-DEE1-4779-8903-22C9A030F71B}
		{99062FE8-DD1B-4B22-AFF4-16D837A7E0A3} = {96D26BA2-DEE1-4779-8903-22C9A030F71B}
		{8FB16A01-5BF3-4424-A3A3-51F0DF7967C9} = {2F797CD9-CD53-4695-993B-A358F368E8B4}
		{7999BEE5-F498-411D-BC01-C300F81887F2} = {2F797CD9-CD53-4695-993B-A358F368E8B4}
		{96D26BA2-DEE1-4779-8903-22C9A030F71B} = {2F797CD9-CD53-4695-993B-A358F368E8B4}
		{9A643495-9C4E-4627-A155-B69AA2E85639} = {59B65F35-0EED-42E1-9FBF-854B98181672}
		{2FD22B0C-E76B-4457-9E84-E7BF346921E5} = {59B65F35-0EED-42E1-9FBF-854B98181672}
		{527903D0-E5E0-423B-85F6-0ADAED367287} = {59B65F35-0EED-42E1-9FBF-854B98181672}
		{BE95A1E9-85D6-4593-AB5A-DD444A915636} = {132DBD41-5A31-4241-8341-7E3B581CEBF9}
		{4EA342DF-6A8D-48C6-84A9-75383348821A} = {BE95A1E9-85D6-4593-AB5A-DD444A915636}
		{27DDC03B-28BB-41DA-A0AB-044F74B7348F} = {BE95A1E9-85D6-4593-AB5A-DD444A915636}
		{F7DE5AA0-F0E1-413D-9877-C70DFED68E2A} = {132DBD41-5A31-4241-8341-7E3B581CEBF9}
		{AB66B5A1-0005-4802-B8BD-456709871E48} = {132DBD41-5A31-4241-8341-7E3B581CEBF9}
		{27B7AE62-9AC8-4CD0-8965-B10E94622D34} = {0D7E9BF9-1378-471B-8443-572FA44D3366}
		{16B31234-E2A4-4202-BD82-C2074B40D6D4} = {0D7E9BF9-1378-471B-8443-572FA44D3366}
	EndGlobalSection
	GlobalSection(ExtensibilityGlobals) = postSolution
		SolutionGuid = {143A5D82-4379-4439-B073-EDD8BB85B2CA}
	EndGlobalSection
EndGlobal
